
Microsoft Visual Studio Solution File, Format Version 12.00
# Visual Studio Version 16
VisualStudioVersion = 16.0.31005.135
MinimumVisualStudioVersion = 10.0.40219.1
Project("{FAE04EC0-301F-11D3-BF4B-00C04F79EFBC}") = "DIO.Bank", "DIO.Bank\DIO.Bank.csproj", "{6FF86340-3FC8-41E9-A877-94D16F0A67EC}"
EndProject
Global
	GlobalSection(SolutionConfigurationPlatforms) = preSolution
		Debug|Any CPU = Debug|Any CPU
		Release|Any CPU = Release|Any CPU
	EndGlobalSection
	GlobalSection(ProjectConfigurationPlatforms) = postSolution
		{6FF86340-3FC8-41E9-A877-94D16F0A67EC}.Debug|Any CPU.ActiveCfg = Debug|Any CPU
		{6FF86340-3FC8-41E9-A877-94D16F0A67EC}.Debug|Any CPU.Build.0 = Debug|Any CPU
		{6FF86340-3FC8-41E9-A877-94D16F0A67EC}.Release|Any CPU.ActiveCfg = Release|Any CPU
		{6FF86340-3FC8-41E9-A877-94D16F0A67EC}.Release|Any CPU.Build.0 = Release|Any CPU
	EndGlobalSection
	GlobalSection(SolutionProperties) = preSolution
		HideSolutionNode = FALSE
	EndGlobalSection
	GlobalSection(ExtensibilityGlobals) = postSolution
		SolutionGuid = {4188944C-F4DC-44C9-A42B-E5A73A908DDD}
	EndGlobalSection
EndGlobal
